# This file is automatically @generated by Cargo.
# It is not intended for manual editing.
version = 3

[[package]]
name = "euler_1"
version = "0.1.0"

[[package]]
name = "euler_2"
version = "0.1.0"

[[package]]
name = "euler_3"
version = "0.1.0"

[[package]]
name = "euler_4"
version = "0.1.0"

[[package]]
name = "euler_5"
version = "0.1.0"

[[package]]
name = "euler_6"
version = "0.1.0"

[[package]]
name = "euler_7"
version = "0.1.0"

[[package]]
name = "project_euler"
version = "0.1.0"
